# This file is automatically @generated by Cargo.
# It is not intended for manual editing.
version = 3

[[package]]
name = "archery"
version = "0.4.0"
source = "registry+https://github.com/rust-lang/crates.io-index"
checksum = "0a8da9bc4c4053ee067669762bcaeea6e241841295a2b6c948312dad6ef4cc02"
dependencies = [
 "static_assertions",
]

[[package]]
name = "examples"
version = "0.1.0"
dependencies = [
 "lazy_static",
 "rpds",
]

[[package]]
name = "lazy_static"
version = "1.4.0"
source = "registry+https://github.com/rust-lang/crates.io-index"
checksum = "e2abad23fbc42b3700f2f279844dc832adb2b2eb069b2df918f455c4e18cc646"

[[package]]
name = "rpds"
version = "0.11.0"
source = "registry+https://github.com/rust-lang/crates.io-index"
checksum = "b4ef5140bcb576bfd6d56cd2de709a7d17851ac1f3805e67fe9d99e42a11821f"
dependencies = [
 "archery",
]

[[package]]
name = "static_assertions"
version = "1.1.0"
source = "registry+https://github.com/rust-lang/crates.io-index"
checksum = "a2eb9349b6444b326872e140eb1cf5e7c522154d69e7a0ffb0fb81c06b37543f"
